// !$*UTF8*$!
{
	archiveVersion = 1;
	classes = {
	};
	objectVersion = 50;
	objects = {

/* Begin PBXBuildFile section */
		A60C9BE926C62F14001021D7 /* InvoiceUIApp.swift in Sources */ = {isa = PBXBuildFile; fileRef = A60C9BE826C62F14001021D7 /* InvoiceUIApp.swift */; };
		A60C9BED26C62F17001021D7 /* Assets.xcassets in Resources */ = {isa = PBXBuildFile; fileRef = A60C9BEC26C62F17001021D7 /* Assets.xcassets */; };
		A60C9BF026C62F17001021D7 /* Preview Assets.xcassets in Resources */ = {isa = PBXBuildFile; fileRef = A60C9BEF26C62F17001021D7 /* Preview Assets.xcassets */; };
		A60C9BFB26C62F17001021D7 /* InvoiceUITests.swift in Sources */ = {isa = PBXBuildFile; fileRef = A60C9BFA26C62F17001021D7 /* InvoiceUITests.swift */; };
		A60C9C0626C62F17001021D7 /* InvoiceUIUITests.swift in Sources */ = {isa = PBXBuildFile; fileRef = A60C9C0526C62F17001021D7 /* InvoiceUIUITests.swift */; };
		A60C9C1626C62FB2001021D7 /* InvoiceView.swift in Sources */ = {isa = PBXBuildFile; fileRef = A60C9C1526C62FB2001021D7 /* InvoiceView.swift */; };
		A60C9C1826C8292C001021D7 /* LineItem.swift in Sources */ = {isa = PBXBuildFile; fileRef = A60C9C1726C8292C001021D7 /* LineItem.swift */; };
		A60C9C1A26C82CCA001021D7 /* LineItemView.swift in Sources */ = {isa = PBXBuildFile; fileRef = A60C9C1926C82CCA001021D7 /* LineItemView.swift */; };
/* End PBXBuildFile section */

/* Begin PBXContainerItemProxy section */
		A60C9BF726C62F17001021D7 /* PBXContainerItemProxy */ = {
			isa = PBXContainerItemProxy;
			containerPortal = A60C9BDD26C62F14001021D7 /* Project object */;
			proxyType = 1;
			remoteGlobalIDString = A60C9BE426C62F14001021D7;
			remoteInfo = InvoiceUI;
		};
		A60C9C0226C62F17001021D7 /* PBXContainerItemProxy */ = {
			isa = PBXContainerItemProxy;
			containerPortal = A60C9BDD26C62F14001021D7 /* Project object */;
			proxyType = 1;
			remoteGlobalIDString = A60C9BE426C62F14001021D7;
			remoteInfo = InvoiceUI;
		};
/* End PBXContainerItemProxy section */

/* Begin PBXFileReference section */
		A60C9BE526C62F14001021D7 /* InvoiceUI.app */ = {isa = PBXFileReference; explicitFileType = wrapper.application; includeInIndex = 0; path = InvoiceUI.app; sourceTree = BUILT_PRODUCTS_DIR; };
		A60C9BE826C62F14001021D7 /* InvoiceUIApp.swift */ = {isa = PBXFileReference; lastKnownFileType = sourcecode.swift; path = InvoiceUIApp.swift; sourceTree = "<group>"; };
		A60C9BEC26C62F17001021D7 /* Assets.xcassets */ = {isa = PBXFileReference; lastKnownFileType = folder.assetcatalog; path = Assets.xcassets; sourceTree = "<group>"; };
		A60C9BEF26C62F17001021D7 /* Preview Assets.xcassets */ = {isa = PBXFileReference; lastKnownFileType = folder.assetcatalog; path = "Preview Assets.xcassets"; sourceTree = "<group>"; };
		A60C9BF126C62F17001021D7 /* Info.plist */ = {isa = PBXFileReference; lastKnownFileType = text.plist.xml; path = Info.plist; sourceTree = "<group>"; };
		A60C9BF626C62F17001021D7 /* InvoiceUITests.xctest */ = {isa = PBXFileReference; explicitFileType = wrapper.cfbundle; includeInIndex = 0; path = InvoiceUITests.xctest; sourceTree = BUILT_PRODUCTS_DIR; };
		A60C9BFA26C62F17001021D7 /* InvoiceUITests.swift */ = {isa = PBXFileReference; lastKnownFileType = sourcecode.swift; path = InvoiceUITests.swift; sourceTree = "<group>"; };
		A60C9BFC26C62F17001021D7 /* Info.plist */ = {isa = PBXFileReference; lastKnownFileType = text.plist.xml; path = Info.plist; sourceTree = "<group>"; };
		A60C9C0126C62F17001021D7 /* InvoiceUIUITests.xctest */ = {isa = PBXFileReference; explicitFileType = wrapper.cfbundle; includeInIndex = 0; path = InvoiceUIUITests.xctest; sourceTree = BUILT_PRODUCTS_DIR; };
		A60C9C0526C62F17001021D7 /* InvoiceUIUITests.swift */ = {isa = PBXFileReference; lastKnownFileType = sourcecode.swift; path = InvoiceUIUITests.swift; sourceTree = "<group>"; };
		A60C9C0726C62F17001021D7 /* Info.plist */ = {isa = PBXFileReference; lastKnownFileType = text.plist.xml; path = Info.plist; sourceTree = "<group>"; };
		A60C9C1526C62FB2001021D7 /* InvoiceView.swift */ = {isa = PBXFileReference; lastKnownFileType = sourcecode.swift; path = InvoiceView.swift; sourceTree = "<group>"; };
		A60C9C1726C8292C001021D7 /* LineItem.swift */ = {isa = PBXFileReference; lastKnownFileType = sourcecode.swift; path = LineItem.swift; sourceTree = "<group>"; };
		A60C9C1926C82CCA001021D7 /* LineItemView.swift */ = {isa = PBXFileReference; lastKnownFileType = sourcecode.swift; path = LineItemView.swift; sourceTree = "<group>"; };
/* End PBXFileReference section */

/* Begin PBXFrameworksBuildPhase section */
		A60C9BE226C62F14001021D7 /* Frameworks */ = {
			isa = PBXFrameworksBuildPhase;
			buildActionMask = 2147483647;
			files = (
			);
			runOnlyForDeploymentPostprocessing = 0;
		};
		A60C9BF326C62F17001021D7 /* Frameworks */ = {
			isa = PBXFrameworksBuildPhase;
			buildActionMask = 2147483647;
			files = (
			);
			runOnlyForDeploymentPostprocessing = 0;
		};
		A60C9BFE26C62F17001021D7 /* Frameworks */ = {
			isa = PBXFrameworksBuildPhase;
			buildActionMask = 2147483647;
			files = (
			);
			runOnlyForDeploymentPostprocessing = 0;
		};
/* End PBXFrameworksBuildPhase section */

/* Begin PBXGroup section */
		A60C9BDC26C62F14001021D7 = {
			isa = PBXGroup;
			children = (
				A60C9BE726C62F14001021D7 /* InvoiceUI */,
				A60C9BF926C62F17001021D7 /* InvoiceUITests */,
				A60C9C0426C62F17001021D7 /* InvoiceUIUITests */,
				A60C9BE626C62F14001021D7 /* Products */,
			);
			sourceTree = "<group>";
		};
		A60C9BE626C62F14001021D7 /* Products */ = {
			isa = PBXGroup;
			children = (
				A60C9BE526C62F14001021D7 /* InvoiceUI.app */,
				A60C9BF626C62F17001021D7 /* InvoiceUITests.xctest */,
				A60C9C0126C62F17001021D7 /* InvoiceUIUITests.xctest */,
			);
			name = Products;
			sourceTree = "<group>";
		};
		A60C9BE726C62F14001021D7 /* InvoiceUI */ = {
			isa = PBXGroup;
			children = (
				A60C9BE826C62F14001021D7 /* InvoiceUIApp.swift */,
				A60C9BEC26C62F17001021D7 /* Assets.xcassets */,
				A60C9BF126C62F17001021D7 /* Info.plist */,
				A60C9BEE26C62F17001021D7 /* Preview Content */,
				A60C9C1526C62FB2001021D7 /* InvoiceView.swift */,
				A60C9C1726C8292C001021D7 /* LineItem.swift */,
				A60C9C1926C82CCA001021D7 /* LineItemView.swift */,
			);
			path = InvoiceUI;
			sourceTree = "<group>";
		};
		A60C9BEE26C62F17001021D7 /* Preview Content */ = {
			isa = PBXGroup;
			children = (
				A60C9BEF26C62F17001021D7 /* Preview Assets.xcassets */,
			);
			path = "Preview Content";
			sourceTree = "<group>";
		};
		A60C9BF926C62F17001021D7 /* InvoiceUITests */ = {
			isa = PBXGroup;
			children = (
				A60C9BFA26C62F17001021D7 /* InvoiceUITests.swift */,
				A60C9BFC26C62F17001021D7 /* Info.plist */,
			);
			path = InvoiceUITests;
			sourceTree = "<group>";
		};
		A60C9C0426C62F17001021D7 /* InvoiceUIUITests */ = {
			isa = PBXGroup;
			children = (
				A60C9C0526C62F17001021D7 /* InvoiceUIUITests.swift */,
				A60C9C0726C62F17001021D7 /* Info.plist */,
			);
			path = InvoiceUIUITests;
			sourceTree = "<group>";
		};
/* End PBXGroup section */

/* Begin PBXNativeTarget section */
		A60C9BE426C62F14001021D7 /* InvoiceUI */ = {
			isa = PBXNativeTarget;
			buildConfigurationList = A60C9C0A26C62F17001021D7 /* Build configuration list for PBXNativeTarget "InvoiceUI" */;
			buildPhases = (
				A60C9BE126C62F14001021D7 /* Sources */,
				A60C9BE226C62F14001021D7 /* Frameworks */,
				A60C9BE326C62F14001021D7 /* Resources */,
			);
			buildRules = (
			);
			dependencies = (
			);
			name = InvoiceUI;
			productName = InvoiceUI;
			productReference = A60C9BE526C62F14001021D7 /* InvoiceUI.app */;
			productType = "com.apple.product-type.application";
		};
		A60C9BF526C62F17001021D7 /* InvoiceUITests */ = {
			isa = PBXNativeTarget;
			buildConfigurationList = A60C9C0D26C62F17001021D7 /* Build configuration list for PBXNativeTarget "InvoiceUITests" */;
			buildPhases = (
				A60C9BF226C62F17001021D7 /* Sources */,
				A60C9BF326C62F17001021D7 /* Frameworks */,
				A60C9BF426C62F17001021D7 /* Resources */,
			);
			buildRules = (
			);
			dependencies = (
				A60C9BF826C62F17001021D7 /* PBXTargetDependency */,
			);
			name = InvoiceUITests;
			productName = InvoiceUITests;
			productReference = A60C9BF626C62F17001021D7 /* InvoiceUITests.xctest */;
			productType = "com.apple.product-type.bundle.unit-test";
		};
		A60C9C0026C62F17001021D7 /* InvoiceUIUITests */ = {
			isa = PBXNativeTarget;
			buildConfigurationList = A60C9C1026C62F17001021D7 /* Build configuration list for PBXNativeTarget "InvoiceUIUITests" */;
			buildPhases = (
				A60C9BFD26C62F17001021D7 /* Sources */,
				A60C9BFE26C62F17001021D7 /* Frameworks */,
				A60C9BFF26C62F17001021D7 /* Resources */,
			);
			buildRules = (
			);
			dependencies = (
				A60C9C0326C62F17001021D7 /* PBXTargetDependency */,
			);
			name = InvoiceUIUITests;
			productName = InvoiceUIUITests;
			productReference = A60C9C0126C62F17001021D7 /* InvoiceUIUITests.xctest */;
			productType = "com.apple.product-type.bundle.ui-testing";
		};
/* End PBXNativeTarget section */

/* Begin PBXProject section */
		A60C9BDD26C62F14001021D7 /* Project object */ = {
			isa = PBXProject;
			attributes = {
				LastSwiftUpdateCheck = 1250;
				LastUpgradeCheck = 1250;
				TargetAttributes = {
					A60C9BE426C62F14001021D7 = {
						CreatedOnToolsVersion = 12.5.1;
					};
					A60C9BF526C62F17001021D7 = {
						CreatedOnToolsVersion = 12.5.1;
						TestTargetID = A60C9BE426C62F14001021D7;
					};
					A60C9C0026C62F17001021D7 = {
						CreatedOnToolsVersion = 12.5.1;
						TestTargetID = A60C9BE426C62F14001021D7;
					};
				};
			};
			buildConfigurationList = A60C9BE026C62F14001021D7 /* Build configuration list for PBXProject "InvoiceUI" */;
			compatibilityVersion = "Xcode 9.3";
			developmentRegion = en;
			hasScannedForEncodings = 0;
			knownRegions = (
				en,
				Base,
			);
			mainGroup = A60C9BDC26C62F14001021D7;
			productRefGroup = A60C9BE626C62F14001021D7 /* Products */;
			projectDirPath = "";
			projectRoot = "";
			targets = (
				A60C9BE426C62F14001021D7 /* InvoiceUI */,
				A60C9BF526C62F17001021D7 /* InvoiceUITests */,
				A60C9C0026C62F17001021D7 /* InvoiceUIUITests */,
			);
		};
/* End PBXProject section */

/* Begin PBXResourcesBuildPhase section */
		A60C9BE326C62F14001021D7 /* Resources */ = {
			isa = PBXResourcesBuildPhase;
			buildActionMask = 2147483647;
			files = (
				A60C9BF026C62F17001021D7 /* Preview Assets.xcassets in Resources */,
				A60C9BED26C62F17001021D7 /* Assets.xcassets in Resources */,
			);
			runOnlyForDeploymentPostprocessing = 0;
		};
		A60C9BF426C62F17001021D7 /* Resources */ = {
			isa = PBXResourcesBuildPhase;
			buildActionMask = 2147483647;
			files = (
			);
			runOnlyForDeploymentPostprocessing = 0;
		};
		A60C9BFF26C62F17001021D7 /* Resources */ = {
			isa = PBXResourcesBuildPhase;
			buildActionMask = 2147483647;
			files = (
			);
			runOnlyForDeploymentPostprocessing = 0;
		};
/* End PBXResourcesBuildPhase section */

/* Begin PBXSourcesBuildPhase section */
		A60C9BE126C62F14001021D7 /* Sources */ = {
			isa = PBXSourcesBuildPhase;
			buildActionMask = 2147483647;
			files = (
				A60C9C1826C8292C001021D7 /* LineItem.swift in Sources */,
				A60C9C1626C62FB2001021D7 /* InvoiceView.swift in Sources */,
				A60C9BE926C62F14001021D7 /* InvoiceUIApp.swift in Sources */,
				A60C9C1A26C82CCA001021D7 /* LineItemView.swift in Sources */,
			);
			runOnlyForDeploymentPostprocessing = 0;
		};
		A60C9BF226C62F17001021D7 /* Sources */ = {
			isa = PBXSourcesBuildPhase;
			buildActionMask = 2147483647;
			files = (
				A60C9BFB26C62F17001021D7 /* InvoiceUITests.swift in Sources */,
			);
			runOnlyForDeploymentPostprocessing = 0;
		};
		A60C9BFD26C62F17001021D7 /* Sources */ = {
			isa = PBXSourcesBuildPhase;
			buildActionMask = 2147483647;
			files = (
				A60C9C0626C62F17001021D7 /* InvoiceUIUITests.swift in Sources */,
			);
			runOnlyForDeploymentPostprocessing = 0;
		};
/* End PBXSourcesBuildPhase section */

/* Begin PBXTargetDependency section */
		A60C9BF826C62F17001021D7 /* PBXTargetDependency */ = {
			isa = PBXTargetDependency;
			target = A60C9BE426C62F14001021D7 /* InvoiceUI */;
			targetProxy = A60C9BF726C62F17001021D7 /* PBXContainerItemProxy */;
		};
		A60C9C0326C62F17001021D7 /* PBXTargetDependency */ = {
			isa = PBXTargetDependency;
			target = A60C9BE426C62F14001021D7 /* InvoiceUI */;
			targetProxy = A60C9C0226C62F17001021D7 /* PBXContainerItemProxy */;
		};
/* End PBXTargetDependency section */

/* Begin XCBuildConfiguration section */
		A60C9C0826C62F17001021D7 /* Debug */ = {
			isa = XCBuildConfiguration;
			buildSettings = {
				ALWAYS_SEARCH_USER_PATHS = NO;
				CLANG_ANALYZER_NONNULL = YES;
				CLANG_ANALYZER_NUMBER_OBJECT_CONVERSION = YES_AGGRESSIVE;
				CLANG_CXX_LANGUAGE_STANDARD = "gnu++14";
				CLANG_CXX_LIBRARY = "libc++";
				CLANG_ENABLE_MODULES = YES;
				CLANG_ENABLE_OBJC_ARC = YES;
				CLANG_ENABLE_OBJC_WEAK = YES;
				CLANG_WARN_BLOCK_CAPTURE_AUTORELEASING = YES;
				CLANG_WARN_BOOL_CONVERSION = YES;
				CLANG_WARN_COMMA = YES;
				CLANG_WARN_CONSTANT_CONVERSION = YES;
				CLANG_WARN_DEPRECATED_OBJC_IMPLEMENTATIONS = YES;
				CLANG_WARN_DIRECT_OBJC_ISA_USAGE = YES_ERROR;
				CLANG_WARN_DOCUMENTATION_COMMENTS = YES;
				CLANG_WARN_EMPTY_BODY = YES;
				CLANG_WARN_ENUM_CONVERSION = YES;
				CLANG_WARN_INFINITE_RECURSION = YES;
				CLANG_WARN_INT_CONVERSION = YES;
				CLANG_WARN_NON_LITERAL_NULL_CONVERSION = YES;
				CLANG_WARN_OBJC_IMPLICIT_RETAIN_SELF = YES;
				CLANG_WARN_OBJC_LITERAL_CONVERSION = YES;
				CLANG_WARN_OBJC_ROOT_CLASS = YES_ERROR;
				CLANG_WARN_QUOTED_INCLUDE_IN_FRAMEWORK_HEADER = YES;
				CLANG_WARN_RANGE_LOOP_ANALYSIS = YES;
				CLANG_WARN_STRICT_PROTOTYPES = YES;
				CLANG_WARN_SUSPICIOUS_MOVE = YES;
				CLANG_WARN_UNGUARDED_AVAILABILITY = YES_AGGRESSIVE;
				CLANG_WARN_UNREACHABLE_CODE = YES;
				CLANG_WARN__DUPLICATE_METHOD_MATCH = YES;
				COPY_PHASE_STRIP = NO;
				DEBUG_INFORMATION_FORMAT = dwarf;
				ENABLE_STRICT_OBJC_MSGSEND = YES;
				ENABLE_TESTABILITY = YES;
				GCC_C_LANGUAGE_STANDARD = gnu11;
				GCC_DYNAMIC_NO_PIC = NO;
				GCC_NO_COMMON_BLOCKS = YES;
				GCC_OPTIMIZATION_LEVEL = 0;
				GCC_PREPROCESSOR_DEFINITIONS = (
					"DEBUG=1",
					"$(inherited)",
				);
				GCC_WARN_64_TO_32_BIT_CONVERSION = YES;
				GCC_WARN_ABOUT_RETURN_TYPE = YES_ERROR;
				GCC_WARN_UNDECLARED_SELECTOR = YES;
				GCC_WARN_UNINITIALIZED_AUTOS = YES_AGGRESSIVE;
				GCC_WARN_UNUSED_FUNCTION = YES;
				GCC_WARN_UNUSED_VARIABLE = YES;
				IPHONEOS_DEPLOYMENT_TARGET = 14.5;
				MTL_ENABLE_DEBUG_INFO = INCLUDE_SOURCE;
				MTL_FAST_MATH = YES;
				ONLY_ACTIVE_ARCH = YES;
				SDKROOT = iphoneos;
				SWIFT_ACTIVE_COMPILATION_CONDITIONS = DEBUG;
				SWIFT_OPTIMIZATION_LEVEL = "-Onone";
			};
			name = Debug;
		};
		A60C9C0926C62F17001021D7 /* Release */ = {
			isa = XCBuildConfiguration;
			buildSettings = {
				ALWAYS_SEARCH_USER_PATHS = NO;
				CLANG_ANALYZER_NONNULL = YES;
				CLANG_ANALYZER_NUMBER_OBJECT_CONVERSION = YES_AGGRESSIVE;
				CLANG_CXX_LANGUAGE_STANDARD = "gnu++14";
				CLANG_CXX_LIBRARY = "libc++";
				CLANG_ENABLE_MODULES = YES;
				CLANG_ENABLE_OBJC_ARC = YES;
				CLANG_ENABLE_OBJC_WEAK = YES;
				CLANG_WARN_BLOCK_CAPTURE_AUTORELEASING = YES;
				CLANG_WARN_BOOL_CONVERSION = YES;
				CLANG_WARN_COMMA = YES;
				CLANG_WARN_CONSTANT_CONVERSION = YES;
				CLANG_WARN_DEPRECATED_OBJC_IMPLEMENTATIONS = YES;
				CLANG_WARN_DIRECT_OBJC_ISA_USAGE = YES_ERROR;
				CLANG_WARN_DOCUMENTATION_COMMENTS = YES;
				CLANG_WARN_EMPTY_BODY = YES;
				CLANG_WARN_ENUM_CONVERSION = YES;
				CLANG_WARN_INFINITE_RECURSION = YES;
				CLANG_WARN_INT_CONVERSION = YES;
				CLANG_WARN_NON_LITERAL_NULL_CONVERSION = YES;
				CLANG_WARN_OBJC_IMPLICIT_RETAIN_SELF = YES;
				CLANG_WARN_OBJC_LITERAL_CONVERSION = YES;
				CLANG_WARN_OBJC_ROOT_CLASS = YES_ERROR;
				CLANG_WARN_QUOTED_INCLUDE_IN_FRAMEWORK_HEADER = YES;
				CLANG_WARN_RANGE_LOOP_ANALYSIS = YES;
				CLANG_WARN_STRICT_PROTOTYPES = YES;
				CLANG_WARN_SUSPICIOUS_MOVE = YES;
				CLANG_WARN_UNGUARDED_AVAILABILITY = YES_AGGRESSIVE;
				CLANG_WARN_UNREACHABLE_CODE = YES;
				CLANG_WARN__DUPLICATE_METHOD_MATCH = YES;
				COPY_PHASE_STRIP = NO;
				DEBUG_INFORMATION_FORMAT = "dwarf-with-dsym";
				ENABLE_NS_ASSERTIONS = NO;
				ENABLE_STRICT_OBJC_MSGSEND = YES;
				GCC_C_LANGUAGE_STANDARD = gnu11;
				GCC_NO_COMMON_BLOCKS = YES;
				GCC_WARN_64_TO_32_BIT_CONVERSION = YES;
				GCC_WARN_ABOUT_RETURN_TYPE = YES_ERROR;
				GCC_WARN_UNDECLARED_SELECTOR = YES;
				GCC_WARN_UNINITIALIZED_AUTOS = YES_AGGRESSIVE;
				GCC_WARN_UNUSED_FUNCTION = YES;
				GCC_WARN_UNUSED_VARIABLE = YES;
				IPHONEOS_DEPLOYMENT_TARGET = 14.5;
				MTL_ENABLE_DEBUG_INFO = NO;
				MTL_FAST_MATH = YES;
				SDKROOT = iphoneos;
				SWIFT_COMPILATION_MODE = wholemodule;
				SWIFT_OPTIMIZATION_LEVEL = "-O";
				VALIDATE_PRODUCT = YES;
			};
			name = Release;
		};
		A60C9C0B26C62F17001021D7 /* Debug */ = {
			isa = XCBuildConfiguration;
			buildSettings = {
				ASSETCATALOG_COMPILER_APPICON_NAME = AppIcon;
				ASSETCATALOG_COMPILER_GLOBAL_ACCENT_COLOR_NAME = AccentColor;
				CODE_SIGN_STYLE = Automatic;
				DEVELOPMENT_ASSET_PATHS = "\"InvoiceUI/Preview Content\"";
				DEVELOPMENT_TEAM = 9QYS7FT9FK;
				ENABLE_PREVIEWS = YES;
				INFOPLIST_FILE = InvoiceUI/Info.plist;
				IPHONEOS_DEPLOYMENT_TARGET = 14.0;
				LD_RUNPATH_SEARCH_PATHS = (
					"$(inherited)",
					"@executable_path/Frameworks",
				);
				PRODUCT_BUNDLE_IDENTIFIER = com.gatewai.InvoiceUI;
				PRODUCT_NAME = "$(TARGET_NAME)";
				SWIFT_VERSION = 5.0;
				TARGETED_DEVICE_FAMILY = "1,2";
			};
			name = Debug;
		};
		A60C9C0C26C62F17001021D7 /* Release */ = {
			isa = XCBuildConfiguration;
			buildSettings = {
				ASSETCATALOG_COMPILER_APPICON_NAME = AppIcon;
				ASSETCATALOG_COMPILER_GLOBAL_ACCENT_COLOR_NAME = AccentColor;
				CODE_SIGN_STYLE = Automatic;
				DEVELOPMENT_ASSET_PATHS = "\"InvoiceUI/Preview Content\"";
				DEVELOPMENT_TEAM = 9QYS7FT9FK;
				ENABLE_PREVIEWS = YES;
				INFOPLIST_FILE = InvoiceUI/Info.plist;
				IPHONEOS_DEPLOYMENT_TARGET = 14.0;
				LD_RUNPATH_SEARCH_PATHS = (
					"$(inherited)",
					"@executable_path/Frameworks",
				);
				PRODUCT_BUNDLE_IDENTIFIER = com.gatewai.InvoiceUI;
				PRODUCT_NAME = "$(TARGET_NAME)";
				SWIFT_VERSION = 5.0;
				TARGETED_DEVICE_FAMILY = "1,2";
			};
			name = Release;
		};
		A60C9C0E26C62F17001021D7 /* Debug */ = {
			isa = XCBuildConfiguration;
			buildSettings = {
				ALWAYS_EMBED_SWIFT_STANDARD_LIBRARIES = YES;
				BUNDLE_LOADER = "$(TEST_HOST)";
				CODE_SIGN_STYLE = Automatic;
				DEVELOPMENT_TEAM = 9QYS7FT9FK;
				INFOPLIST_FILE = InvoiceUITests/Info.plist;
				IPHONEOS_DEPLOYMENT_TARGET = 14.0;
				LD_RUNPATH_SEARCH_PATHS = (
					"$(inherited)",
					"@executable_path/Frameworks",
					"@loader_path/Frameworks",
				);
				PRODUCT_BUNDLE_IDENTIFIER = com.gatewai.InvoiceUITests;
				PRODUCT_NAME = "$(TARGET_NAME)";
				SWIFT_VERSION = 5.0;
				TARGETED_DEVICE_FAMILY = "1,2";
				TEST_HOST = "$(BUILT_PRODUCTS_DIR)/InvoiceUI.app/InvoiceUI";
			};
			name = Debug;
		};
		A60C9C0F26C62F17001021D7 /* Release */ = {
			isa = XCBuildConfiguration;
			buildSettings = {
				ALWAYS_EMBED_SWIFT_STANDARD_LIBRARIES = YES;
				BUNDLE_LOADER = "$(TEST_HOST)";
				CODE_SIGN_STYLE = Automatic;
				DEVELOPMENT_TEAM = 9QYS7FT9FK;
				INFOPLIST_FILE = InvoiceUITests/Info.plist;
				IPHONEOS_DEPLOYMENT_TARGET = 14.0;
				LD_RUNPATH_SEARCH_PATHS = (
					"$(inherited)",
					"@executable_path/Frameworks",
					"@loader_path/Frameworks",
				);
				PRODUCT_BUNDLE_IDENTIFIER = com.gatewai.InvoiceUITests;
				PRODUCT_NAME = "$(TARGET_NAME)";
				SWIFT_VERSION = 5.0;
				TARGETED_DEVICE_FAMILY = "1,2";
				TEST_HOST = "$(BUILT_PRODUCTS_DIR)/InvoiceUI.app/InvoiceUI";
			};
			name = Release;
		};
		A60C9C1126C62F17001021D7 /* Debug */ = {
			isa = XCBuildConfiguration;
			buildSettings = {
				ALWAYS_EMBED_SWIFT_STANDARD_LIBRARIES = YES;
				CODE_SIGN_STYLE = Automatic;
				DEVELOPMENT_TEAM = 9QYS7FT9FK;
				INFOPLIST_FILE = InvoiceUIUITests/Info.plist;
				LD_RUNPATH_SEARCH_PATHS = (
					"$(inherited)",
					"@executable_path/Frameworks",
					"@loader_path/Frameworks",
				);
				PRODUCT_BUNDLE_IDENTIFIER = com.gatewai.InvoiceUIUITests;
				PRODUCT_NAME = "$(TARGET_NAME)";
				SWIFT_VERSION = 5.0;
				TARGETED_DEVICE_FAMILY = "1,2";
				TEST_TARGET_NAME = InvoiceUI;
			};
			name = Debug;
		};
		A60C9C1226C62F17001021D7 /* Release */ = {
			isa = XCBuildConfiguration;
			buildSettings = {
				ALWAYS_EMBED_SWIFT_STANDARD_LIBRARIES = YES;
				CODE_SIGN_STYLE = Automatic;
				DEVELOPMENT_TEAM = 9QYS7FT9FK;
				INFOPLIST_FILE = InvoiceUIUITests/Info.plist;
				LD_RUNPATH_SEARCH_PATHS = (
					"$(inherited)",
					"@executable_path/Frameworks",
					"@loader_path/Frameworks",
				);
				PRODUCT_BUNDLE_IDENTIFIER = com.gatewai.InvoiceUIUITests;
				PRODUCT_NAME = "$(TARGET_NAME)";
				SWIFT_VERSION = 5.0;
				TARGETED_DEVICE_FAMILY = "1,2";
				TEST_TARGET_NAME = InvoiceUI;
			};
			name = Release;
		};
/* End XCBuildConfiguration section */

/* Begin XCConfigurationList section */
		A60C9BE026C62F14001021D7 /* Build configuration list for PBXProject "InvoiceUI" */ = {
			isa = XCConfigurationList;
			buildConfigurations = (
				A60C9C0826C62F17001021D7 /* Debug */,
				A60C9C0926C62F17001021D7 /* Release */,
			);
			defaultConfigurationIsVisible = 0;
			defaultConfigurationName = Release;
		};
		A60C9C0A26C62F17001021D7 /* Build configuration list for PBXNativeTarget "InvoiceUI" */ = {
			isa = XCConfigurationList;
			buildConfigurations = (
				A60C9C0B26C62F17001021D7 /* Debug */,
				A60C9C0C26C62F17001021D7 /* Release */,
			);
			defaultConfigurationIsVisible = 0;
			defaultConfigurationName = Release;
		};
		A60C9C0D26C62F17001021D7 /* Build configuration list for PBXNativeTarget "InvoiceUITests" */ = {
			isa = XCConfigurationList;
			buildConfigurations = (
				A60C9C0E26C62F17001021D7 /* Debug */,
				A60C9C0F26C62F17001021D7 /* Release */,
			);
			defaultConfigurationIsVisible = 0;
			defaultConfigurationName = Release;
		};
		A60C9C1026C62F17001021D7 /* Build configuration list for PBXNativeTarget "InvoiceUIUITests" */ = {
			isa = XCConfigurationList;
			buildConfigurations = (
				A60C9C1126C62F17001021D7 /* Debug */,
				A60C9C1226C62F17001021D7 /* Release */,
			);
			defaultConfigurationIsVisible = 0;
			defaultConfigurationName = Release;
		};
/* End XCConfigurationList section */
	};
	rootObject = A60C9BDD26C62F14001021D7 /* Project object */;
}
